{
  "name": "vectore_node",
  "version": "0.1.0",
  "lockfileVersion": 3,
  "requires": true,
  "packages": {
    "": {
      "name": "vectore_node",
      "version": "0.1.0",
      "dependencies": {
        "vectore_node": "^0.1.3"
      }
    },
    "node_modules/vectore_node": {
      "version": "0.1.3",
      "resolved": "https://registry.npmjs.org/vectore_node/-/vectore_node-0.1.3.tgz",
      "integrity": "sha512-wr+GJl4g6ualCDngQ5o7aX+1dmg5BwCC+FOgctJhuKMg0o1HNK7MvAbU2Sn0BgFgasYJDyXw5h/I084nj9/GOg=="
    }
  }
}
